PODS:
  - CocoaAsyncSocket (7.5.1):
    - CocoaAsyncSocket/GCD (= 7.5.1)
  - CocoaAsyncSocket/GCD (7.5.1)
  - CocoaHTTPServer (2.3):
    - CocoaAsyncSocket
    - CocoaLumberjack
  - CocoaLumberjack (3.0.0):
    - CocoaLumberjack/Default (= 3.0.0)
    - CocoaLumberjack/Extensions (= 3.0.0)
  - CocoaLumberjack/Core (3.0.0)
  - CocoaLumberjack/Default (3.0.0):
    - CocoaLumberjack/Core
  - CocoaLumberjack/Extensions (3.0.0):
    - CocoaLumberjack/Default
  - Crashlytics (3.8.3):
    - Fabric (~> 1.6.3)
  - Fabric (1.6.11)
  - GTMBase64 (1.0.0)

DEPENDENCIES:
  - CocoaHTTPServer
  - Crashlytics
  - Fabric
  - GTMBase64

SPEC REPOS:
  https://github.com/cocoapods/specs.git:
    - CocoaAsyncSocket
    - CocoaHTTPServer
    - CocoaLumberjack
    - Crashlytics
    - Fabric
    - GTMBase64

SPEC CHECKSUMS:
  CocoaAsyncSocket: e0a7e93b2ffa411592ff87e58524fbbc9b95b4fa
  CocoaHTTPServer: 5624681fc3473d43b18202f635f9b3abb013b530
  CocoaLumberjack: c823149bccc5519a9447aeb433be7b1212a7d6a5
  Crashlytics: 2b6dbe138a42395577cfa73dfa1aa7248cadf39e
  Fabric: 5911403591946b8228ab1c51d98f1d7137e863c6
  GTMBase64: 0da7372e95f5171f3f652db38cde6716f8eb5e24

PODFILE CHECKSUM: 716bd687bab21f8a4271698abf3dd7a93767e2e7

COCOAPODS: 1.5.3
